
Microsoft Visual Studio Solution File, Format Version 12.00
# Visual Studio Version 17
VisualStudioVersion = 17.4.33103.184
MinimumVisualStudioVersion = 10.0.40219.1
Project("{9A19103F-16F7-4668-BE54-9A1E7A4F7556}") = "FirstAssignment", "FørsteAflevering\FirstAssignment.csproj", "{895A1781-465B-4213-BF9D-98FE82B89749}"
EndProject
Global
	GlobalSection(SolutionConfigurationPlatforms) = preSolution
		Debug|Any CPU = Debug|Any CPU
		Release|Any CPU = Release|Any CPU
	EndGlobalSection
	GlobalSection(ProjectConfigurationPlatforms) = postSolution
		{895A1781-465B-4213-BF9D-98FE82B89749}.Debug|Any CPU.ActiveCfg = Debug|Any CPU
		{895A1781-465B-4213-BF9D-98FE82B89749}.Debug|Any CPU.Build.0 = Debug|Any CPU
		{895A1781-465B-4213-BF9D-98FE82B89749}.Release|Any CPU.ActiveCfg = Release|Any CPU
		{895A1781-465B-4213-BF9D-98FE82B89749}.Release|Any CPU.Build.0 = Release|Any CPU
	EndGlobalSection
	GlobalSection(SolutionProperties) = preSolution
		HideSolutionNode = FALSE
	EndGlobalSection
	GlobalSection(ExtensibilityGlobals) = postSolution
		SolutionGuid = {30082876-1B6B-40C1-866D-12EC0644D8D0}
	EndGlobalSection
EndGlobal
